
Microsoft Visual Studio Solution File, Format Version 12.00
# Visual Studio Version 17
VisualStudioVersion = 17.11.35208.52
MinimumVisualStudioVersion = 10.0.40219.1
Project("{FAE04EC0-301F-11D3-BF4B-00C04F79EFBC}") = "SAAPII1", "SAAPII1\SAAPII1.csproj", "{FC6AF734-D417-4C89-AB9A-88C398B65DD7}"
EndProject
Global
	GlobalSection(SolutionConfigurationPlatforms) = preSolution
		Debug|Any CPU = Debug|Any CPU
		Release|Any CPU = Release|Any CPU
	EndGlobalSection
	GlobalSection(ProjectConfigurationPlatforms) = postSolution
		{FC6AF734-D417-4C89-AB9A-88C398B65DD7}.Debug|Any CPU.ActiveCfg = Debug|Any CPU
		{FC6AF734-D417-4C89-AB9A-88C398B65DD7}.Debug|Any CPU.Build.0 = Debug|Any CPU
		{FC6AF734-D417-4C89-AB9A-88C398B65DD7}.Release|Any CPU.ActiveCfg = Release|Any CPU
		{FC6AF734-D417-4C89-AB9A-88C398B65DD7}.Release|Any CPU.Build.0 = Release|Any CPU
	EndGlobalSection
	GlobalSection(SolutionProperties) = preSolution
		HideSolutionNode = FALSE
	EndGlobalSection
	GlobalSection(ExtensibilityGlobals) = postSolution
		SolutionGuid = {9373C202-FD22-4D91-BE50-ABF6DD6EF7D8}
	EndGlobalSection
EndGlobal
